<?xml version="1.0" encoding="utf-8"?>
<Project ToolsVersion="4.0" xmlns="http://schemas.microsoft.com/developer/msbuild/2003">
  <ItemGroup>
    <Filter Include="Source Files">
      <UniqueIdentifier>{4FC737F1-C7A5-4376-A066-2A32D752A2FF}</UniqueIdentifier>
      <Extensions>cpp;c;cc;cxx;def;odl;idl;hpj;bat;asm;asmx</Extensions>
    </Filter>
    <Filter Include="Header Files">
      <UniqueIdentifier>{93995380-89BD-4b04-88EB-625FBE52EBFB}</UniqueIdentifier>
      <Extensions>h;hpp;hxx;hm;inl;inc;xsd</Extensions>
    </Filter>
    <Filter Include="Resource Files">
      <UniqueIdentifier>{67DA6AB6-F800-4c08-8B7A-83BB121AAD01}</UniqueIdentifier>
      <Extensions>rc;ico;cur;bmp;dlg;rc2;rct;bin;rgs;gif;jpg;jpeg;jpe;resx;tiff;tif;png;wav;mfcribbon-ms</Extensions>
    </Filter>
    <Filter Include="Resource Files\gfx">
      <UniqueIdentifier>{50c40f86-326f-44fc-8473-41228e9852e5}</UniqueIdentifier>
    </Filter>
    <Filter Include="Resource Files\sound">
      <UniqueIdentifier>{1de09249-f7ff-4308-811e-68a2361ceff9}</UniqueIdentifier>
    </Filter>
  </ItemGroup>
  <ItemGroup>
    <ClCompile Include="Game.cpp">
      <Filter>Source Files</Filter>
    </ClCompile>
    <ClCompile Include="Graphics.cpp">
      <Filter>Source Files</Filter>
    </ClCompile>
    <ClCompile Include="main.cpp">
      <Filter>Source Files</Filter>
    </ClCompile>
    <ClCompile Include="PlayField.cpp">
      <Filter>Source Files</Filter>
    </ClCompile>
    <ClCompile Include="Shape.cpp">
      <Filter>Source Files</Filter>
    </ClCompile>
    <ClCompile Include="Sound.cpp">
      <Filter>Source Files</Filter>
    </ClCompile>
    <ClCompile Include="StatusPanel.cpp">
      <Filter>Source Files</Filter>
    </ClCompile>
    <ClCompile Include="Point.cpp">
      <Filter>Source Files</Filter>
    </ClCompile>
    <ClCompile Include="Keyboard.cpp">
      <Filter>Source Files</Filter>
    </ClCompile>
    <ClCompile Include="StatusNumber.cpp">
      <Filter>Source Files</Filter>
    </ClCompile>
  </ItemGroup>
  <ItemGroup>
    <ClInclude Include="Game.h">
      <Filter>Header Files</Filter>
    </ClInclude>
    <ClInclude Include="Graphics.h">
      <Filter>Header Files</Filter>
    </ClInclude>
    <ClInclude Include="PlayField.h">
      <Filter>Header Files</Filter>
    </ClInclude>
    <ClInclude Include="Shape.h">
      <Filter>Header Files</Filter>
    </ClInclude>
    <ClInclude Include="Sound.h">
      <Filter>Header Files</Filter>
    </ClInclude>
    <ClInclude Include="resource.h">
      <Filter>Header Files</Filter>
    </ClInclude>
    <ClInclude Include="StatusPanel.h">
      <Filter>Header Files</Filter>
    </ClInclude>
    <ClInclude Include="Entity.h">
      <Filter>Header Files</Filter>
    </ClInclude>
    <ClInclude Include="Point.h">
      <Filter>Header Files</Filter>
    </ClInclude>
    <ClInclude Include="Enums.h">
      <Filter>Header Files</Filter>
    </ClInclude>
    <ClInclude Include="GameState.h">
      <Filter>Header Files</Filter>
    </ClInclude>
    <ClInclude Include="Keyboard.h">
      <Filter>Header Files</Filter>
    </ClInclude>
    <ClInclude Include="StatusNumber.h">
      <Filter>Header Files</Filter>
    </ClInclude>
  </ItemGroup>
  <ItemGroup>
    <None Include="main.ico">
      <Filter>Resource Files</Filter>
    </None>
    <None Include="packages.config" />
  </ItemGroup>
  <ItemGroup>
    <ResourceCompile Include="Tetris.rc">
      <Filter>Resource Files</Filter>
    </ResourceCompile>
  </ItemGroup>
  <ItemGroup>
    <Image Include="gfx\blocks.bmp">
      <Filter>Resource Files\gfx</Filter>
    </Image>
    <Image Include="gfx\digits.bmp">
      <Filter>Resource Files\gfx</Filter>
    </Image>
    <Image Include="gfx\icon.bmp">
      <Filter>Resource Files\gfx</Filter>
    </Image>
    <Image Include="gfx\level.bmp">
      <Filter>Resource Files\gfx</Filter>
    </Image>
    <Image Include="gfx\lines.bmp">
      <Filter>Resource Files\gfx</Filter>
    </Image>
    <Image Include="gfx\logo.bmp">
      <Filter>Resource Files\gfx</Filter>
    </Image>
    <Image Include="gfx\next.bmp">
      <Filter>Resource Files\gfx</Filter>
    </Image>
    <Image Include="gfx\score.bmp">
      <Filter>Resource Files\gfx</Filter>
    </Image>
  </ItemGroup>
  <ItemGroup>
    <Media Include="sound\gameover.wav">
      <Filter>Resource Files\sound</Filter>
    </Media>
    <Media Include="sound\line.wav">
      <Filter>Resource Files\sound</Filter>
    </Media>
    <Media Include="sound\rotate.wav">
      <Filter>Resource Files\sound</Filter>
    </Media>
    <Media Include="sound\start.wav">
      <Filter>Resource Files\sound</Filter>
    </Media>
    <Media Include="sound\thud.wav">
      <Filter>Resource Files\sound</Filter>
    </Media>
  </ItemGroup>
</Project>